# THIS IS AN AUTOGENERATED FILE. DO NOT EDIT THIS FILE DIRECTLY.
# yarn lockfile v1


"@types/events@*":
  version "1.2.0"
  resolved "http://registry.npm.taobao.org/@types/events/download/@types/events-1.2.0.tgz#81a6731ce4df43619e5c8c945383b3e62a89ea86"

"@types/node@*":
  version "9.6.1"
  resolved "http://registry.npm.taobao.org/@types/node/download/@types/node-9.6.1.tgz#e2d374ef15b315b48e7efc308fa1a7cd51faa06c"

"@types/node@8.10":
  version "8.10.1"
  resolved "http://registry.npm.taobao.org/@types/node/download/@types/node-8.10.1.tgz#aac98b810c50568054486f2bb8c486d824713be8"

"@types/ws@^4.0.2":
  version "4.0.2"
  resolved "http://registry.npm.taobao.org/@types/ws/download/@types/ws-4.0.2.tgz#b29037627dd7ba31ec49a4f1584840422efb856f"
  dependencies:
    "@types/events" "*"
    "@types/node" "*"
