# THIS IS AN AUTOGENERATED FILE. DO NOT EDIT THIS FILE DIRECTLY.
# yarn lockfile v1


async-limiter@~1.0.0:
  version "1.0.0"
  resolved "http://registry.m.jd.com/async-limiter/download/async-limiter-1.0.0.tgz#78faed8c3d074ab81f22b4e985d79e8738f720f8"

ws@^5.2.0:
  version "5.2.0"
  resolved "http://registry.m.jd.com/ws/download/ws-5.2.0.tgz#9fd95e3ac7c76f6ae8bcc868a0e3f11f1290c33e"
  dependencies:
    async-limiter "~1.0.0"
